
Microsoft Visual Studio Solution File, Format Version 11.00
# Visual Studio 2010
Project("{8BC9CEB8-8B4A-11D0-8D11-00A0C91BC942}") = "Keyplayers_GUI", "Keyplayers_GUI\Keyplayers_GUI.vcxproj", "{B108D52A-FE6B-4345-8DBC-961C30ED002D}"
EndProject
Global
	GlobalSection(SolutionConfigurationPlatforms) = preSolution
		Debug|Win32 = Debug|Win32
		Release|Win32 = Release|Win32
	EndGlobalSection
	GlobalSection(ProjectConfigurationPlatforms) = postSolution
		{B108D52A-FE6B-4345-8DBC-961C30ED002D}.Debug|Win32.ActiveCfg = Debug|Win32
		{B108D52A-FE6B-4345-8DBC-961C30ED002D}.Debug|Win32.Build.0 = Debug|Win32
		{B108D52A-FE6B-4345-8DBC-961C30ED002D}.Release|Win32.ActiveCfg = Release|Win32
		{B108D52A-FE6B-4345-8DBC-961C30ED002D}.Release|Win32.Build.0 = Release|Win32
	EndGlobalSection
	GlobalSection(SolutionProperties) = preSolution
		HideSolutionNode = FALSE
	EndGlobalSection
EndGlobal
